{
  "name": "@lucyus/falcon",
  "version": "0.0.1",
  "lockfileVersion": 2,
  "requires": true,
  "packages": {
    "": {
      "name": "@lucyus/falcon",
      "version": "0.0.1",
      "license": "Apache-2.0",
      "devDependencies": {
        "@types/node": "^18.11.9",
        "typescript": "^4.7.4"
      }
    },
    "node_modules/@types/node": {
      "version": "18.11.9",
      "dev": true,
      "license": "MIT"
    },
    "node_modules/typescript": {
      "version": "4.7.4",
      "dev": true,
      "license": "Apache-2.0",
      "bin": {
        "tsc": "bin/tsc",
        "tsserver": "bin/tsserver"
      },
      "engines": {
        "node": ">=4.2.0"
      }
    }
  },
  "dependencies": {
    "@types/node": {
      "version": "18.11.9",
      "dev": true
    },
    "typescript": {
      "version": "4.7.4",
      "dev": true
    }
  }
}
